
Microsoft Visual Studio Solution File, Format Version 12.00
# Visual Studio 15
VisualStudioVersion = 15.0.27004.2008
MinimumVisualStudioVersion = 10.0.40219.1
Project("{F184B08F-C81C-45F6-A57F-5ABD9991F28F}") = "FrmStudentDB", "FrmStudentDB\FrmStudentDB.vbproj", "{BA74F470-3F8D-41F2-8B72-61A94DEE3183}"
EndProject
Global
	GlobalSection(SolutionConfigurationPlatforms) = preSolution
		Debug|Any CPU = Debug|Any CPU
		Release|Any CPU = Release|Any CPU
	EndGlobalSection
	GlobalSection(ProjectConfigurationPlatforms) = postSolution
		{BA74F470-3F8D-41F2-8B72-61A94DEE3183}.Debug|Any CPU.ActiveCfg = Debug|Any CPU
		{BA74F470-3F8D-41F2-8B72-61A94DEE3183}.Debug|Any CPU.Build.0 = Debug|Any CPU
		{BA74F470-3F8D-41F2-8B72-61A94DEE3183}.Release|Any CPU.ActiveCfg = Release|Any CPU
		{BA74F470-3F8D-41F2-8B72-61A94DEE3183}.Release|Any CPU.Build.0 = Release|Any CPU
	EndGlobalSection
	GlobalSection(SolutionProperties) = preSolution
		HideSolutionNode = FALSE
	EndGlobalSection
	GlobalSection(ExtensibilityGlobals) = postSolution
		SolutionGuid = {FDCA6350-5F03-4DAA-8B2C-2421D216A446}
	EndGlobalSection
EndGlobal
